// !$*UTF8*$!
{
	archiveVersion = 1;
	classes = {
	};
	objectVersion = 50;
	objects = {

/* Begin PBXBuildFile section */
		143BE780225438E700927F4E /* goButton.swift in Sources */ = {isa = PBXBuildFile; fileRef = 14848E3922514DF9004D9194 /* goButton.swift */; };
		146FED1822518D1C00F7C662 /* GoingBadInLilCoco.wav in Resources */ = {isa = PBXBuildFile; fileRef = 146FED1722518D1C00F7C662 /* GoingBadInLilCoco.wav */; };
		14848DF02250645F004D9194 /* AppDelegate.swift in Sources */ = {isa = PBXBuildFile; fileRef = 14848DEF2250645F004D9194 /* AppDelegate.swift */; };
		14848DF22250645F004D9194 /* ViewController.swift in Sources */ = {isa = PBXBuildFile; fileRef = 14848DF12250645F004D9194 /* ViewController.swift */; };
		14848DF52250645F004D9194 /* Main.storyboard in Resources */ = {isa = PBXBuildFile; fileRef = 14848DF32250645F004D9194 /* Main.storyboard */; };
		14848DFA22506460004D9194 /* LaunchScreen.storyboard in Resources */ = {isa = PBXBuildFile; fileRef = 14848DF822506460004D9194 /* LaunchScreen.storyboard */; };
		14848E1E2250671D004D9194 /* Card Model.swift in Sources */ = {isa = PBXBuildFile; fileRef = 14848E1D2250671D004D9194 /* Card Model.swift */; };
		14848E2022506785004D9194 /* Card.swift in Sources */ = {isa = PBXBuildFile; fileRef = 14848E1F22506785004D9194 /* Card.swift */; };
		14848E22225069F2004D9194 /* CollectionViewCell.swift in Sources */ = {isa = PBXBuildFile; fileRef = 14848E21225069F2004D9194 /* CollectionViewCell.swift */; };
		14848E2422509110004D9194 /* Assets.xcassets in Resources */ = {isa = PBXBuildFile; fileRef = 14848E2322509110004D9194 /* Assets.xcassets */; };
		14848E2A22512B72004D9194 /* AVFoundation.framework in Frameworks */ = {isa = PBXBuildFile; fileRef = 14848E2922512B72004D9194 /* AVFoundation.framework */; };
		14848E2C22512BA2004D9194 /* SoundManager.swift in Sources */ = {isa = PBXBuildFile; fileRef = 14848E2B22512BA2004D9194 /* SoundManager.swift */; };
		14848E3322513A7B004D9194 /* dingwrong.wav in Resources */ = {isa = PBXBuildFile; fileRef = 14848E2F22513A7A004D9194 /* dingwrong.wav */; };
		14848E3422513A7B004D9194 /* cardflip.wav in Resources */ = {isa = PBXBuildFile; fileRef = 14848E3022513A7A004D9194 /* cardflip.wav */; };
		14848E3522513A7B004D9194 /* shuffle.wav in Resources */ = {isa = PBXBuildFile; fileRef = 14848E3122513A7B004D9194 /* shuffle.wav */; };
		14848E3622513A7B004D9194 /* dingcorrect.wav in Resources */ = {isa = PBXBuildFile; fileRef = 14848E3222513A7B004D9194 /* dingcorrect.wav */; };
		14848E3A22514DF9004D9194 /* goButton.swift in Sources */ = {isa = PBXBuildFile; fileRef = 14848E3922514DF9004D9194 /* goButton.swift */; };
/* End PBXBuildFile section */

/* Begin PBXContainerItemProxy section */
		14848E0122506460004D9194 /* PBXContainerItemProxy */ = {
			isa = PBXContainerItemProxy;
			containerPortal = 14848DE42250645F004D9194 /* Project object */;
			proxyType = 1;
			remoteGlobalIDString = 14848DEB2250645F004D9194;
			remoteInfo = "Matching Coco";
		};
		14848E0C22506460004D9194 /* PBXContainerItemProxy */ = {
			isa = PBXContainerItemProxy;
			containerPortal = 14848DE42250645F004D9194 /* Project object */;
			proxyType = 1;
			remoteGlobalIDString = 14848DEB2250645F004D9194;
			remoteInfo = "Matching Coco";
		};
/* End PBXContainerItemProxy section */

/* Begin PBXFileReference section */
		146FED1722518D1C00F7C662 /* GoingBadInLilCoco.wav */ = {isa = PBXFileReference; lastKnownFileType = audio.wav; path = GoingBadInLilCoco.wav; sourceTree = "<group>"; };
		14848DEC2250645F004D9194 /* Coco Couples.app */ = {isa = PBXFileReference; explicitFileType = wrapper.application; includeInIndex = 0; path = "Coco Couples.app"; sourceTree = BUILT_PRODUCTS_DIR; };
		14848DEF2250645F004D9194 /* AppDelegate.swift */ = {isa = PBXFileReference; lastKnownFileType = sourcecode.swift; path = AppDelegate.swift; sourceTree = "<group>"; };
		14848DF12250645F004D9194 /* ViewController.swift */ = {isa = PBXFileReference; lastKnownFileType = sourcecode.swift; path = ViewController.swift; sourceTree = "<group>"; };
		14848DF42250645F004D9194 /* Base */ = {isa = PBXFileReference; lastKnownFileType = file.storyboard; name = Base; path = Base.lproj/Main.storyboard; sourceTree = "<group>"; };
		14848DF922506460004D9194 /* Base */ = {isa = PBXFileReference; lastKnownFileType = file.storyboard; name = Base; path = Base.lproj/LaunchScreen.storyboard; sourceTree = "<group>"; };
		14848DFB22506460004D9194 /* Info.plist */ = {isa = PBXFileReference; lastKnownFileType = text.plist.xml; path = Info.plist; sourceTree = "<group>"; };
		14848E0022506460004D9194 /* Matching CocoTests.xctest */ = {isa = PBXFileReference; explicitFileType = wrapper.cfbundle; includeInIndex = 0; path = "Matching CocoTests.xctest"; sourceTree = BUILT_PRODUCTS_DIR; };
		14848E0B22506460004D9194 /* Matching CocoUITests.xctest */ = {isa = PBXFileReference; explicitFileType = wrapper.cfbundle; includeInIndex = 0; path = "Matching CocoUITests.xctest"; sourceTree = BUILT_PRODUCTS_DIR; };
		14848E1D2250671D004D9194 /* Card Model.swift */ = {isa = PBXFileReference; lastKnownFileType = sourcecode.swift; path = "Card Model.swift"; sourceTree = "<group>"; };
		14848E1F22506785004D9194 /* Card.swift */ = {isa = PBXFileReference; lastKnownFileType = sourcecode.swift; path = Card.swift; sourceTree = "<group>"; };
		14848E21225069F2004D9194 /* CollectionViewCell.swift */ = {isa = PBXFileReference; lastKnownFileType = sourcecode.swift; path = CollectionViewCell.swift; sourceTree = "<group>"; };
		14848E2322509110004D9194 /* Assets.xcassets */ = {isa = PBXFileReference; lastKnownFileType = folder.assetcatalog; path = Assets.xcassets; sourceTree = "<group>"; };
		14848E2922512B72004D9194 /* AVFoundation.framework */ = {isa = PBXFileReference; lastKnownFileType = wrapper.framework; name = AVFoundation.framework; path = System/Library/Frameworks/AVFoundation.framework; sourceTree = SDKROOT; };
		14848E2B22512BA2004D9194 /* SoundManager.swift */ = {isa = PBXFileReference; lastKnownFileType = sourcecode.swift; path = SoundManager.swift; sourceTree = "<group>"; };
		14848E2F22513A7A004D9194 /* dingwrong.wav */ = {isa = PBXFileReference; lastKnownFileType = audio.wav; path = dingwrong.wav; sourceTree = "<group>"; };
		14848E3022513A7A004D9194 /* cardflip.wav */ = {isa = PBXFileReference; lastKnownFileType = audio.wav; path = cardflip.wav; sourceTree = "<group>"; };
		14848E3122513A7B004D9194 /* shuffle.wav */ = {isa = PBXFileReference; lastKnownFileType = audio.wav; path = shuffle.wav; sourceTree = "<group>"; };
		14848E3222513A7B004D9194 /* dingcorrect.wav */ = {isa = PBXFileReference; lastKnownFileType = audio.wav; path = dingcorrect.wav; sourceTree = "<group>"; };
		14848E3922514DF9004D9194 /* goButton.swift */ = {isa = PBXFileReference; lastKnownFileType = sourcecode.swift; path = goButton.swift; sourceTree = "<group>"; };
/* End PBXFileReference section */

/* Begin PBXFrameworksBuildPhase section */
		14848DE92250645F004D9194 /* Frameworks */ = {
			isa = PBXFrameworksBuildPhase;
			buildActionMask = 2147483647;
			files = (
				14848E2A22512B72004D9194 /* AVFoundation.framework in Frameworks */,
			);
			runOnlyForDeploymentPostprocessing = 0;
		};
		14848DFD22506460004D9194 /* Frameworks */ = {
			isa = PBXFrameworksBuildPhase;
			buildActionMask = 2147483647;
			files = (
			);
			runOnlyForDeploymentPostprocessing = 0;
		};
		14848E0822506460004D9194 /* Frameworks */ = {
			isa = PBXFrameworksBuildPhase;
			buildActionMask = 2147483647;
			files = (
			);
			runOnlyForDeploymentPostprocessing = 0;
		};
/* End PBXFrameworksBuildPhase section */

/* Begin PBXGroup section */
		14848DE32250645F004D9194 = {
			isa = PBXGroup;
			children = (
				14848DEE2250645F004D9194 /* Matching Coco */,
				14848DED2250645F004D9194 /* Products */,
				14848E2822512B72004D9194 /* Frameworks */,
			);
			sourceTree = "<group>";
		};
		14848DED2250645F004D9194 /* Products */ = {
			isa = PBXGroup;
			children = (
				14848DEC2250645F004D9194 /* Coco Couples.app */,
				14848E0022506460004D9194 /* Matching CocoTests.xctest */,
				14848E0B22506460004D9194 /* Matching CocoUITests.xctest */,
			);
			name = Products;
			sourceTree = "<group>";
		};
		14848DEE2250645F004D9194 /* Matching Coco */ = {
			isa = PBXGroup;
			children = (
				14848E2522512B17004D9194 /* Sounds */,
				14848E2322509110004D9194 /* Assets.xcassets */,
				14848DEF2250645F004D9194 /* AppDelegate.swift */,
				14848E3922514DF9004D9194 /* goButton.swift */,
				14848DF12250645F004D9194 /* ViewController.swift */,
				14848E21225069F2004D9194 /* CollectionViewCell.swift */,
				14848E1D2250671D004D9194 /* Card Model.swift */,
				14848E1F22506785004D9194 /* Card.swift */,
				14848E2B22512BA2004D9194 /* SoundManager.swift */,
				14848DF32250645F004D9194 /* Main.storyboard */,
				14848DF822506460004D9194 /* LaunchScreen.storyboard */,
				14848DFB22506460004D9194 /* Info.plist */,
			);
			path = "Matching Coco";
			sourceTree = "<group>";
		};
		14848E2522512B17004D9194 /* Sounds */ = {
			isa = PBXGroup;
			children = (
				14848E3022513A7A004D9194 /* cardflip.wav */,
				14848E3222513A7B004D9194 /* dingcorrect.wav */,
				14848E2F22513A7A004D9194 /* dingwrong.wav */,
				14848E3122513A7B004D9194 /* shuffle.wav */,
				146FED1722518D1C00F7C662 /* GoingBadInLilCoco.wav */,
			);
			path = Sounds;
			sourceTree = "<group>";
		};
		14848E2822512B72004D9194 /* Frameworks */ = {
			isa = PBXGroup;
			children = (
				14848E2922512B72004D9194 /* AVFoundation.framework */,
			);
			name = Frameworks;
			sourceTree = "<group>";
		};
/* End PBXGroup section */

/* Begin PBXNativeTarget section */
		14848DEB2250645F004D9194 /* Matching Coco */ = {
			isa = PBXNativeTarget;
			buildConfigurationList = 14848E1422506460004D9194 /* Build configuration list for PBXNativeTarget "Matching Coco" */;
			buildPhases = (
				14848DE82250645F004D9194 /* Sources */,
				14848DE92250645F004D9194 /* Frameworks */,
				14848DEA2250645F004D9194 /* Resources */,
			);
			buildRules = (
			);
			dependencies = (
			);
			name = "Matching Coco";
			productName = "Matching Coco";
			productReference = 14848DEC2250645F004D9194 /* Coco Couples.app */;
			productType = "com.apple.product-type.application";
		};
		14848DFF22506460004D9194 /* Matching CocoTests */ = {
			isa = PBXNativeTarget;
			buildConfigurationList = 14848E1722506460004D9194 /* Build configuration list for PBXNativeTarget "Matching CocoTests" */;
			buildPhases = (
				14848DFC22506460004D9194 /* Sources */,
				14848DFD22506460004D9194 /* Frameworks */,
				14848DFE22506460004D9194 /* Resources */,
			);
			buildRules = (
			);
			dependencies = (
				14848E0222506460004D9194 /* PBXTargetDependency */,
			);
			name = "Matching CocoTests";
			productName = "Matching CocoTests";
			productReference = 14848E0022506460004D9194 /* Matching CocoTests.xctest */;
			productType = "com.apple.product-type.bundle.unit-test";
		};
		14848E0A22506460004D9194 /* Matching CocoUITests */ = {
			isa = PBXNativeTarget;
			buildConfigurationList = 14848E1A22506460004D9194 /* Build configuration list for PBXNativeTarget "Matching CocoUITests" */;
			buildPhases = (
				14848E0722506460004D9194 /* Sources */,
				14848E0822506460004D9194 /* Frameworks */,
				14848E0922506460004D9194 /* Resources */,
			);
			buildRules = (
			);
			dependencies = (
				14848E0D22506460004D9194 /* PBXTargetDependency */,
			);
			name = "Matching CocoUITests";
			productName = "Matching CocoUITests";
			productReference = 14848E0B22506460004D9194 /* Matching CocoUITests.xctest */;
			productType = "com.apple.product-type.bundle.ui-testing";
		};
/* End PBXNativeTarget section */

/* Begin PBXProject section */
		14848DE42250645F004D9194 /* Project object */ = {
			isa = PBXProject;
			attributes = {
				LastSwiftUpdateCheck = 1020;
				LastUpgradeCheck = 1020;
				ORGANIZATIONNAME = "Lil Coco™";
				TargetAttributes = {
					14848DEB2250645F004D9194 = {
						CreatedOnToolsVersion = 10.2;
						SystemCapabilities = {
							com.apple.BackgroundModes = {
								enabled = 1;
							};
						};
					};
					14848DFF22506460004D9194 = {
						CreatedOnToolsVersion = 10.2;
						TestTargetID = 14848DEB2250645F004D9194;
					};
					14848E0A22506460004D9194 = {
						CreatedOnToolsVersion = 10.2;
						TestTargetID = 14848DEB2250645F004D9194;
					};
				};
			};
			buildConfigurationList = 14848DE72250645F004D9194 /* Build configuration list for PBXProject "Matching Coco" */;
			compatibilityVersion = "Xcode 9.3";
			developmentRegion = en;
			hasScannedForEncodings = 0;
			knownRegions = (
				en,
				Base,
			);
			mainGroup = 14848DE32250645F004D9194;
			productRefGroup = 14848DED2250645F004D9194 /* Products */;
			projectDirPath = "";
			projectRoot = "";
			targets = (
				14848DEB2250645F004D9194 /* Matching Coco */,
				14848DFF22506460004D9194 /* Matching CocoTests */,
				14848E0A22506460004D9194 /* Matching CocoUITests */,
			);
		};
/* End PBXProject section */

/* Begin PBXResourcesBuildPhase section */
		14848DEA2250645F004D9194 /* Resources */ = {
			isa = PBXResourcesBuildPhase;
			buildActionMask = 2147483647;
			files = (
				146FED1822518D1C00F7C662 /* GoingBadInLilCoco.wav in Resources */,
				14848E3522513A7B004D9194 /* shuffle.wav in Resources */,
				14848E3322513A7B004D9194 /* dingwrong.wav in Resources */,
				14848DFA22506460004D9194 /* LaunchScreen.storyboard in Resources */,
				14848E2422509110004D9194 /* Assets.xcassets in Resources */,
				14848DF52250645F004D9194 /* Main.storyboard in Resources */,
				14848E3622513A7B004D9194 /* dingcorrect.wav in Resources */,
				14848E3422513A7B004D9194 /* cardflip.wav in Resources */,
			);
			runOnlyForDeploymentPostprocessing = 0;
		};
		14848DFE22506460004D9194 /* Resources */ = {
			isa = PBXResourcesBuildPhase;
			buildActionMask = 2147483647;
			files = (
			);
			runOnlyForDeploymentPostprocessing = 0;
		};
		14848E0922506460004D9194 /* Resources */ = {
			isa = PBXResourcesBuildPhase;
			buildActionMask = 2147483647;
			files = (
			);
			runOnlyForDeploymentPostprocessing = 0;
		};
/* End PBXResourcesBuildPhase section */

/* Begin PBXSourcesBuildPhase section */
		14848DE82250645F004D9194 /* Sources */ = {
			isa = PBXSourcesBuildPhase;
			buildActionMask = 2147483647;
			files = (
				14848E22225069F2004D9194 /* CollectionViewCell.swift in Sources */,
				14848E3A22514DF9004D9194 /* goButton.swift in Sources */,
				14848DF22250645F004D9194 /* ViewController.swift in Sources */,
				14848E1E2250671D004D9194 /* Card Model.swift in Sources */,
				14848DF02250645F004D9194 /* AppDelegate.swift in Sources */,
				14848E2022506785004D9194 /* Card.swift in Sources */,
				14848E2C22512BA2004D9194 /* SoundManager.swift in Sources */,
			);
			runOnlyForDeploymentPostprocessing = 0;
		};
		14848DFC22506460004D9194 /* Sources */ = {
			isa = PBXSourcesBuildPhase;
			buildActionMask = 2147483647;
			files = (
			);
			runOnlyForDeploymentPostprocessing = 0;
		};
		14848E0722506460004D9194 /* Sources */ = {
			isa = PBXSourcesBuildPhase;
			buildActionMask = 2147483647;
			files = (
				143BE780225438E700927F4E /* goButton.swift in Sources */,
			);
			runOnlyForDeploymentPostprocessing = 0;
		};
/* End PBXSourcesBuildPhase section */

/* Begin PBXTargetDependency section */
		14848E0222506460004D9194 /* PBXTargetDependency */ = {
			isa = PBXTargetDependency;
			target = 14848DEB2250645F004D9194 /* Matching Coco */;
			targetProxy = 14848E0122506460004D9194 /* PBXContainerItemProxy */;
		};
		14848E0D22506460004D9194 /* PBXTargetDependency */ = {
			isa = PBXTargetDependency;
			target = 14848DEB2250645F004D9194 /* Matching Coco */;
			targetProxy = 14848E0C22506460004D9194 /* PBXContainerItemProxy */;
		};
/* End PBXTargetDependency section */

/* Begin PBXVariantGroup section */
		14848DF32250645F004D9194 /* Main.storyboard */ = {
			isa = PBXVariantGroup;
			children = (
				14848DF42250645F004D9194 /* Base */,
			);
			name = Main.storyboard;
			sourceTree = "<group>";
		};
		14848DF822506460004D9194 /* LaunchScreen.storyboard */ = {
			isa = PBXVariantGroup;
			children = (
				14848DF922506460004D9194 /* Base */,
			);
			name = LaunchScreen.storyboard;
			sourceTree = "<group>";
		};
/* End PBXVariantGroup section */

/* Begin XCBuildConfiguration section */
		14848E1222506460004D9194 /* Debug */ = {
			isa = XCBuildConfiguration;
			buildSettings = {
				ALWAYS_SEARCH_USER_PATHS = NO;
				CLANG_ANALYZER_NONNULL = YES;
				CLANG_ANALYZER_NUMBER_OBJECT_CONVERSION = YES_AGGRESSIVE;
				CLANG_CXX_LANGUAGE_STANDARD = "gnu++14";
				CLANG_CXX_LIBRARY = "libc++";
				CLANG_ENABLE_MODULES = YES;
				CLANG_ENABLE_OBJC_ARC = YES;
				CLANG_ENABLE_OBJC_WEAK = YES;
				CLANG_WARN_BLOCK_CAPTURE_AUTORELEASING = YES;
				CLANG_WARN_BOOL_CONVERSION = YES;
				CLANG_WARN_COMMA = YES;
				CLANG_WARN_CONSTANT_CONVERSION = YES;
				CLANG_WARN_DEPRECATED_OBJC_IMPLEMENTATIONS = YES;
				CLANG_WARN_DIRECT_OBJC_ISA_USAGE = YES_ERROR;
				CLANG_WARN_DOCUMENTATION_COMMENTS = YES;
				CLANG_WARN_EMPTY_BODY = YES;
				CLANG_WARN_ENUM_CONVERSION = YES;
				CLANG_WARN_INFINITE_RECURSION = YES;
				CLANG_WARN_INT_CONVERSION = YES;
				CLANG_WARN_NON_LITERAL_NULL_CONVERSION = YES;
				CLANG_WARN_OBJC_IMPLICIT_RETAIN_SELF = YES;
				CLANG_WARN_OBJC_LITERAL_CONVERSION = YES;
				CLANG_WARN_OBJC_ROOT_CLASS = YES_ERROR;
				CLANG_WARN_RANGE_LOOP_ANALYSIS = YES;
				CLANG_WARN_STRICT_PROTOTYPES = YES;
				CLANG_WARN_SUSPICIOUS_MOVE = YES;
				CLANG_WARN_UNGUARDED_AVAILABILITY = YES_AGGRESSIVE;
				CLANG_WARN_UNREACHABLE_CODE = YES;
				CLANG_WARN__DUPLICATE_METHOD_MATCH = YES;
				CODE_SIGN_IDENTITY = "iPhone Developer";
				COPY_PHASE_STRIP = NO;
				DEBUG_INFORMATION_FORMAT = dwarf;
				ENABLE_STRICT_OBJC_MSGSEND = YES;
				ENABLE_TESTABILITY = YES;
				GCC_C_LANGUAGE_STANDARD = gnu11;
				GCC_DYNAMIC_NO_PIC = NO;
				GCC_NO_COMMON_BLOCKS = YES;
				GCC_OPTIMIZATION_LEVEL = 0;
				GCC_PREPROCESSOR_DEFINITIONS = (
					"DEBUG=1",
					"$(inherited)",
				);
				GCC_WARN_64_TO_32_BIT_CONVERSION = YES;
				GCC_WARN_ABOUT_RETURN_TYPE = YES_ERROR;
				GCC_WARN_UNDECLARED_SELECTOR = YES;
				GCC_WARN_UNINITIALIZED_AUTOS = YES_AGGRESSIVE;
				GCC_WARN_UNUSED_FUNCTION = YES;
				GCC_WARN_UNUSED_VARIABLE = YES;
				IPHONEOS_DEPLOYMENT_TARGET = 12.2;
				MTL_ENABLE_DEBUG_INFO = INCLUDE_SOURCE;
				MTL_FAST_MATH = YES;
				ONLY_ACTIVE_ARCH = YES;
				SDKROOT = iphoneos;
				SWIFT_ACTIVE_COMPILATION_CONDITIONS = DEBUG;
				SWIFT_OPTIMIZATION_LEVEL = "-Onone";
			};
			name = Debug;
		};
		14848E1322506460004D9194 /* Release */ = {
			isa = XCBuildConfiguration;
			buildSettings = {
				ALWAYS_SEARCH_USER_PATHS = NO;
				CLANG_ANALYZER_NONNULL = YES;
				CLANG_ANALYZER_NUMBER_OBJECT_CONVERSION = YES_AGGRESSIVE;
				CLANG_CXX_LANGUAGE_STANDARD = "gnu++14";
				CLANG_CXX_LIBRARY = "libc++";
				CLANG_ENABLE_MODULES = YES;
				CLANG_ENABLE_OBJC_ARC = YES;
				CLANG_ENABLE_OBJC_WEAK = YES;
				CLANG_WARN_BLOCK_CAPTURE_AUTORELEASING = YES;
				CLANG_WARN_BOOL_CONVERSION = YES;
				CLANG_WARN_COMMA = YES;
				CLANG_WARN_CONSTANT_CONVERSION = YES;
				CLANG_WARN_DEPRECATED_OBJC_IMPLEMENTATIONS = YES;
				CLANG_WARN_DIRECT_OBJC_ISA_USAGE = YES_ERROR;
				CLANG_WARN_DOCUMENTATION_COMMENTS = YES;
				CLANG_WARN_EMPTY_BODY = YES;
				CLANG_WARN_ENUM_CONVERSION = YES;
				CLANG_WARN_INFINITE_RECURSION = YES;
				CLANG_WARN_INT_CONVERSION = YES;
				CLANG_WARN_NON_LITERAL_NULL_CONVERSION = YES;
				CLANG_WARN_OBJC_IMPLICIT_RETAIN_SELF = YES;
				CLANG_WARN_OBJC_LITERAL_CONVERSION = YES;
				CLANG_WARN_OBJC_ROOT_CLASS = YES_ERROR;
				CLANG_WARN_RANGE_LOOP_ANALYSIS = YES;
				CLANG_WARN_STRICT_PROTOTYPES = YES;
				CLANG_WARN_SUSPICIOUS_MOVE = YES;
				CLANG_WARN_UNGUARDED_AVAILABILITY = YES_AGGRESSIVE;
				CLANG_WARN_UNREACHABLE_CODE = YES;
				CLANG_WARN__DUPLICATE_METHOD_MATCH = YES;
				CODE_SIGN_IDENTITY = "iPhone Developer";
				COPY_PHASE_STRIP = NO;
				DEBUG_INFORMATION_FORMAT = "dwarf-with-dsym";
				ENABLE_NS_ASSERTIONS = NO;
				ENABLE_STRICT_OBJC_MSGSEND = YES;
				GCC_C_LANGUAGE_STANDARD = gnu11;
				GCC_NO_COMMON_BLOCKS = YES;
				GCC_WARN_64_TO_32_BIT_CONVERSION = YES;
				GCC_WARN_ABOUT_RETURN_TYPE = YES_ERROR;
				GCC_WARN_UNDECLARED_SELECTOR = YES;
				GCC_WARN_UNINITIALIZED_AUTOS = YES_AGGRESSIVE;
				GCC_WARN_UNUSED_FUNCTION = YES;
				GCC_WARN_UNUSED_VARIABLE = YES;
				IPHONEOS_DEPLOYMENT_TARGET = 12.2;
				MTL_ENABLE_DEBUG_INFO = NO;
				MTL_FAST_MATH = YES;
				SDKROOT = iphoneos;
				SWIFT_COMPILATION_MODE = wholemodule;
				SWIFT_OPTIMIZATION_LEVEL = "-O";
				VALIDATE_PRODUCT = YES;
			};
			name = Release;
		};
		14848E1522506460004D9194 /* Debug */ = {
			isa = XCBuildConfiguration;
			buildSettings = {
				ASSETCATALOG_COMPILER_APPICON_NAME = AppIcon;
				CODE_SIGN_STYLE = Automatic;
				DEVELOPMENT_TEAM = K4ZMXMC2TC;
				INFOPLIST_FILE = "Matching Coco/Info.plist";
				IPHONEOS_DEPLOYMENT_TARGET = 12.2;
				LD_RUNPATH_SEARCH_PATHS = (
					"$(inherited)",
					"@executable_path/Frameworks",
				);
				PRODUCT_BUNDLE_IDENTIFIER = com.lilcocopebblesinsta.com;
				PRODUCT_NAME = "Coco Couples";
				SWIFT_VERSION = 5.0;
				TARGETED_DEVICE_FAMILY = "1,2";
			};
			name = Debug;
		};
		14848E1622506460004D9194 /* Release */ = {
			isa = XCBuildConfiguration;
			buildSettings = {
				ASSETCATALOG_COMPILER_APPICON_NAME = AppIcon;
				CODE_SIGN_STYLE = Automatic;
				DEVELOPMENT_TEAM = K4ZMXMC2TC;
				INFOPLIST_FILE = "Matching Coco/Info.plist";
				IPHONEOS_DEPLOYMENT_TARGET = 12.2;
				LD_RUNPATH_SEARCH_PATHS = (
					"$(inherited)",
					"@executable_path/Frameworks",
				);
				PRODUCT_BUNDLE_IDENTIFIER = com.lilcocopebblesinsta.com;
				PRODUCT_NAME = "Coco Couples";
				SWIFT_VERSION = 5.0;
				TARGETED_DEVICE_FAMILY = "1,2";
			};
			name = Release;
		};
		14848E1822506460004D9194 /* Debug */ = {
			isa = XCBuildConfiguration;
			buildSettings = {
				ALWAYS_EMBED_SWIFT_STANDARD_LIBRARIES = YES;
				BUNDLE_LOADER = "$(TEST_HOST)";
				CODE_SIGN_STYLE = Automatic;
				DEVELOPMENT_TEAM = K4ZMXMC2TC;
				INFOPLIST_FILE = "Matching CocoTests/Info.plist";
				LD_RUNPATH_SEARCH_PATHS = (
					"$(inherited)",
					"@executable_path/Frameworks",
					"@loader_path/Frameworks",
				);
				PRODUCT_BUNDLE_IDENTIFIER = "com.mycompany.Matching-CocoTests";
				PRODUCT_NAME = "$(TARGET_NAME)";
				SWIFT_VERSION = 5.0;
				TARGETED_DEVICE_FAMILY = "1,2";
				TEST_HOST = "$(BUILT_PRODUCTS_DIR)/Matching Coco.app/Matching Coco";
			};
			name = Debug;
		};
		14848E1922506460004D9194 /* Release */ = {
			isa = XCBuildConfiguration;
			buildSettings = {
				ALWAYS_EMBED_SWIFT_STANDARD_LIBRARIES = YES;
				BUNDLE_LOADER = "$(TEST_HOST)";
				CODE_SIGN_STYLE = Automatic;
				DEVELOPMENT_TEAM = K4ZMXMC2TC;
				INFOPLIST_FILE = "Matching CocoTests/Info.plist";
				LD_RUNPATH_SEARCH_PATHS = (
					"$(inherited)",
					"@executable_path/Frameworks",
					"@loader_path/Frameworks",
				);
				PRODUCT_BUNDLE_IDENTIFIER = "com.mycompany.Matching-CocoTests";
				PRODUCT_NAME = "$(TARGET_NAME)";
				SWIFT_VERSION = 5.0;
				TARGETED_DEVICE_FAMILY = "1,2";
				TEST_HOST = "$(BUILT_PRODUCTS_DIR)/Matching Coco.app/Matching Coco";
			};
			name = Release;
		};
		14848E1B22506460004D9194 /* Debug */ = {
			isa = XCBuildConfiguration;
			buildSettings = {
				ALWAYS_EMBED_SWIFT_STANDARD_LIBRARIES = YES;
				CODE_SIGN_STYLE = Automatic;
				DEVELOPMENT_TEAM = K4ZMXMC2TC;
				INFOPLIST_FILE = "Matching CocoUITests/Info.plist";
				LD_RUNPATH_SEARCH_PATHS = (
					"$(inherited)",
					"@executable_path/Frameworks",
					"@loader_path/Frameworks",
				);
				PRODUCT_BUNDLE_IDENTIFIER = "com.mycompany.Matching-CocoUITests";
				PRODUCT_NAME = "$(TARGET_NAME)";
				SWIFT_VERSION = 5.0;
				TARGETED_DEVICE_FAMILY = "1,2";
				TEST_TARGET_NAME = "Matching Coco";
			};
			name = Debug;
		};
		14848E1C22506460004D9194 /* Release */ = {
			isa = XCBuildConfiguration;
			buildSettings = {
				ALWAYS_EMBED_SWIFT_STANDARD_LIBRARIES = YES;
				CODE_SIGN_STYLE = Automatic;
				DEVELOPMENT_TEAM = K4ZMXMC2TC;
				INFOPLIST_FILE = "Matching CocoUITests/Info.plist";
				LD_RUNPATH_SEARCH_PATHS = (
					"$(inherited)",
					"@executable_path/Frameworks",
					"@loader_path/Frameworks",
				);
				PRODUCT_BUNDLE_IDENTIFIER = "com.mycompany.Matching-CocoUITests";
				PRODUCT_NAME = "$(TARGET_NAME)";
				SWIFT_VERSION = 5.0;
				TARGETED_DEVICE_FAMILY = "1,2";
				TEST_TARGET_NAME = "Matching Coco";
			};
			name = Release;
		};
/* End XCBuildConfiguration section */

/* Begin XCConfigurationList section */
		14848DE72250645F004D9194 /* Build configuration list for PBXProject "Matching Coco" */ = {
			isa = XCConfigurationList;
			buildConfigurations = (
				14848E1222506460004D9194 /* Debug */,
				14848E1322506460004D9194 /* Release */,
			);
			defaultConfigurationIsVisible = 0;
			defaultConfigurationName = Release;
		};
		14848E1422506460004D9194 /* Build configuration list for PBXNativeTarget "Matching Coco" */ = {
			isa = XCConfigurationList;
			buildConfigurations = (
				14848E1522506460004D9194 /* Debug */,
				14848E1622506460004D9194 /* Release */,
			);
			defaultConfigurationIsVisible = 0;
			defaultConfigurationName = Release;
		};
		14848E1722506460004D9194 /* Build configuration list for PBXNativeTarget "Matching CocoTests" */ = {
			isa = XCConfigurationList;
			buildConfigurations = (
				14848E1822506460004D9194 /* Debug */,
				14848E1922506460004D9194 /* Release */,
			);
			defaultConfigurationIsVisible = 0;
			defaultConfigurationName = Release;
		};
		14848E1A22506460004D9194 /* Build configuration list for PBXNativeTarget "Matching CocoUITests" */ = {
			isa = XCConfigurationList;
			buildConfigurations = (
				14848E1B22506460004D9194 /* Debug */,
				14848E1C22506460004D9194 /* Release */,
			);
			defaultConfigurationIsVisible = 0;
			defaultConfigurationName = Release;
		};
/* End XCConfigurationList section */
	};
	rootObject = 14848DE42250645F004D9194 /* Project object */;
}
